{
    "_readme": [
        "This file locks the dependencies of your project to a known state",
        "Read more about it at https://getcomposer.org/doc/01-basic-usage.md#installing-dependencies",
        "This file is @generated automatically"
    ],
    "content-hash": "a35dfb2363df41cc37fd179b99c49cd5",
    "packages": [
        {
            "name": "guzzlehttp/guzzle",
            "version": "6.3.3",
            "source": {
                "type": "git",
                "url": "https://github.com/guzzle/guzzle.git",
                "reference": "407b0cb880ace85c9b63c5f9551db498cb2d50ba"
            },
            "dist": {
                "type": "zip",
                "url": "https://api.github.com/repos/guzzle/guzzle/zipball/407b0cb880ace85c9b63c5f9551db498cb2d50ba",
                "reference": "407b0cb880ace85c9b63c5f9551db498cb2d50ba",
                "shasum": ""
            },
            "require": {
                "guzzlehttp/promises": "^1.0",
                "guzzlehttp/psr7": "^1.4",
                "php": ">=5.5"
            },
            "require-dev": {
                "ext-curl": "*",
                "phpunit/phpunit": "^4.8.35 || ^5.7 || ^6.4 || ^7.0",
                "psr/log": "^1.0"
            },
            "suggest": {
                "psr/log": "Required for using the Log middleware"
            },
            "type": "library",
            "extra": {
                "branch-alias": {
                    "dev-master": "6.3-dev"
                }
            },
            "autoload": {
                "files": [
                    "src/functions_include.php"
                ],
                "psr-4": {
                    "GuzzleHttp\\": "src/"
                }
            },
            "notification-url": "https://packagist.org/downloads/",
            "license": [
                "MIT"
            ],
            "authors": [
                {
                    "name": "Michael Dowling",
                    "email": "mtdowling@gmail.com",
                    "homepage": "https://github.com/mtdowling"
                }
            ],
            "description": "Guzzle is a PHP HTTP client library",
            "homepage": "http://guzzlephp.org/",
            "keywords": [
                "client",
                "curl",
                "framework",
                "http",
                "http client",
                "rest",
                "web service"
            ],
            "time": "2018-04-22T15:46:56+00:00"
        },
        {
            "name": "guzzlehttp/promises",
            "version": "v1.3.1",
            "source": {
                "type": "git",
                "url": "https://github.com/guzzle/promises.git",
                "reference": "a59da6cf61d80060647ff4d3eb2c03a2bc694646"
            },
            "dist": {
                "type": "zip",
                "url": "https://api.github.com/repos/guzzle/promises/zipball/a59da6cf61d80060647ff4d3eb2c03a2bc694646",
                "reference": "a59da6cf61d80060647ff4d3eb2c03a2bc694646",
                "shasum": ""
            },
            "require": {
                "php": ">=5.5.0"
            },
            "require-dev": {
                "phpunit/phpunit": "^4.0"
            },
            "type": "library",
            "extra": {
                "branch-alias": {
                    "dev-master": "1.4-dev"
                }
            },
            "autoload": {
                "psr-4": {
                    "GuzzleHttp\\Promise\\": "src/"
                },
                "files": [
                    "src/functions_include.php"
                ]
            },
            "notification-url": "https://packagist.org/downloads/",
            "license": [
                "MIT"
            ],
            "authors": [
                {
                    "name": "Michael Dowling",
                    "email": "mtdowling@gmail.com",
                    "homepage": "https://github.com/mtdowling"
                }
            ],
            "description": "Guzzle promises library",
            "keywords": [
                "promise"
            ],
            "time": "2016-12-20T10:07:11+00:00"
        },
        {
            "name": "guzzlehttp/psr7",
            "version": "1.5.2",
            "source": {
                "type": "git",
                "url": "https://github.com/guzzle/psr7.git",
                "reference": "9f83dded91781a01c63574e387eaa769be769115"
            },
            "dist": {
                "type": "zip",
                "url": "https://api.github.com/repos/guzzle/psr7/zipball/9f83dded91781a01c63574e387eaa769be769115",
                "reference": "9f83dded91781a01c63574e387eaa769be769115",
                "shasum": ""
            },
            "require": {
                "php": ">=5.4.0",
                "psr/http-message": "~1.0",
                "ralouphie/getallheaders": "^2.0.5"
            },
            "provide": {
                "psr/http-message-implementation": "1.0"
            },
            "require-dev": {
                "phpunit/phpunit": "~4.8.36 || ^5.7.27 || ^6.5.8"
            },
            "type": "library",
            "extra": {
                "branch-alias": {
                    "dev-master": "1.5-dev"
                }
            },
            "autoload": {
                "psr-4": {
                    "GuzzleHttp\\Psr7\\": "src/"
                },
                "files": [
                    "src/functions_include.php"
                ]
            },
            "notification-url": "https://packagist.org/downloads/",
            "license": [
                "MIT"
            ],
            "authors": [
                {
                    "name": "Michael Dowling",
                    "email": "mtdowling@gmail.com",
                    "homepage": "https://github.com/mtdowling"
                },
                {
                    "name": "Tobias Schultze",
                    "homepage": "https://github.com/Tobion"
                }
            ],
            "description": "PSR-7 message implementation that also provides common utility methods",
            "keywords": [
                "http",
                "message",
                "psr-7",
                "request",
                "response",
                "stream",
                "uri",
                "url"
            ],
            "time": "2018-12-04T20:46:45+00:00"
        },
        {
            "name": "latte/latte",
            "version": "v2.5.1",
            "source": {
                "type": "git",
                "url": "https://github.com/nette/latte.git",
                "reference": "cf714b94f0759198a3c71361d46d5166cabaaf52"
            },
            "dist": {
                "type": "zip",
                "url": "https://api.github.com/repos/nette/latte/zipball/cf714b94f0759198a3c71361d46d5166cabaaf52",
                "reference": "cf714b94f0759198a3c71361d46d5166cabaaf52",
                "shasum": ""
            },
            "require": {
                "ext-json": "*",
                "ext-tokenizer": "*",
                "php": ">=7.1"
            },
            "conflict": {
                "nette/application": "<2.4.1"
            },
            "require-dev": {
                "nette/tester": "~2.0",
                "tracy/tracy": "^2.3"
            },
            "suggest": {
                "ext-fileinfo": "to use filter |datastream",
                "ext-mbstring": "to use filters like lower, upper, capitalize, ...",
                "nette/utils": "to use filter |webalize"
            },
            "type": "library",
            "extra": {
                "branch-alias": {
                    "dev-master": "2.5-dev"
                }
            },
            "autoload": {
                "classmap": [
                    "src/"
                ]
            },
            "notification-url": "https://packagist.org/downloads/",
            "license": [
                "BSD-3-Clause",
                "GPL-2.0",
                "GPL-3.0"
            ],
            "authors": [
                {
                    "name": "David Grudl",
                    "homepage": "https://davidgrudl.com"
                },
                {
                    "name": "Nette Community",
                    "homepage": "https://nette.org/contributors"
                }
            ],
            "description": "☕ Latte: the intuitive and fast template engine for those who want the most secure PHP sites. Introduces context-sensitive escaping.",
            "homepage": "https://latte.nette.org",
            "keywords": [
                "context-sensitive",
                "engine",
                "escaping",
                "html",
                "nette",
                "security",
                "template",
                "twig"
            ],
            "time": "2019-02-20T10:51:49+00:00"
        },
        {
            "name": "nette/application",
            "version": "v3.0.0",
            "source": {
                "type": "git",
                "url": "https://github.com/nette/application.git",
                "reference": "4f3b250709226c70c8ca0a35f796877bcb72b10d"
            },
            "dist": {
                "type": "zip",
                "url": "https://api.github.com/repos/nette/application/zipball/4f3b250709226c70c8ca0a35f796877bcb72b10d",
                "reference": "4f3b250709226c70c8ca0a35f796877bcb72b10d",
                "shasum": ""
            },
            "require": {
                "nette/component-model": "^3.0",
                "nette/http": "^3.0",
                "nette/routing": "~3.0.0",
                "nette/utils": "^3.0",
                "php": ">=7.1"
            },
            "conflict": {
                "nette/di": "<3.0",
                "nette/forms": "<3.0",
                "nette/latte": "<3.0"
            },
            "require-dev": {
                "latte/latte": "^2.5.1",
                "mockery/mockery": "^1.0",
                "nette/di": "^v3.0",
                "nette/forms": "^3.0",
                "nette/robot-loader": "^3.2",
                "nette/security": "^3.0",
                "nette/tester": "^2.0.1",
                "tracy/tracy": "^2.6"
            },
            "suggest": {
                "latte/latte": "Allows using Latte in templates",
                "nette/forms": "Allows to use Nette\\Application\\UI\\Form"
            },
            "type": "library",
            "extra": {
                "branch-alias": {
                    "dev-master": "3.0-dev"
                }
            },
            "autoload": {
                "classmap": [
                    "src/"
                ],
                "files": [
                    "src/compatibility.php"
                ]
            },
            "notification-url": "https://packagist.org/downloads/",
            "license": [
                "BSD-3-Clause",
                "GPL-2.0",
                "GPL-3.0"
            ],
            "authors": [
                {
                    "name": "David Grudl",
                    "homepage": "https://davidgrudl.com"
                },
                {
                    "name": "Nette Community",
                    "homepage": "https://nette.org/contributors"
                }
            ],
            "description": "🏆 Nette Application: a full-stack component-based MVC kernel for PHP that helps you write powerful and modern web applications. Write less, have cleaner code and your work will bring you joy.",
            "homepage": "https://nette.org",
            "keywords": [
                "Forms",
                "component-based",
                "control",
                "framework",
                "mvc",
                "mvp",
                "nette",
                "presenter",
                "routing",
                "seo"
            ],
            "time": "2019-04-03T19:36:15+00:00"
        },
        {
            "name": "nette/bootstrap",
            "version": "v3.0.0",
            "source": {
                "type": "git",
                "url": "https://github.com/nette/bootstrap.git",
                "reference": "e1075af05c211915e03e0c86542f3ba5433df4a3"
            },
            "dist": {
                "type": "zip",
                "url": "https://api.github.com/repos/nette/bootstrap/zipball/e1075af05c211915e03e0c86542f3ba5433df4a3",
                "reference": "e1075af05c211915e03e0c86542f3ba5433df4a3",
                "shasum": ""
            },
            "require": {
                "nette/di": "^3.0",
                "nette/utils": "^3.0",
                "php": ">=7.1"
            },
            "require-dev": {
                "latte/latte": "^2.2",
                "nette/application": "^3.0",
                "nette/caching": "^3.0",
                "nette/database": "^3.0",
                "nette/forms": "^3.0",
                "nette/http": "^3.0",
                "nette/mail": "^3.0",
                "nette/robot-loader": "^3.0",
                "nette/safe-stream": "^2.2",
                "nette/security": "^3.0",
                "nette/tester": "^2.0",
                "tracy/tracy": "^2.6"
            },
            "suggest": {
                "nette/robot-loader": "to use Configurator::createRobotLoader()",
                "tracy/tracy": "to use Configurator::enableTracy()"
            },
            "type": "library",
            "extra": {
                "branch-alias": {
                    "dev-master": "3.0-dev"
                }
            },
            "autoload": {
                "classmap": [
                    "src/"
                ]
            },
            "notification-url": "https://packagist.org/downloads/",
            "license": [
                "BSD-3-Clause",
                "GPL-2.0",
                "GPL-3.0"
            ],
            "authors": [
                {
                    "name": "David Grudl",
                    "homepage": "https://davidgrudl.com"
                },
                {
                    "name": "Nette Community",
                    "homepage": "https://nette.org/contributors"
                }
            ],
            "description": "🅱 Nette Bootstrap: the simple way to configure and bootstrap your Nette application.",
            "homepage": "https://nette.org",
            "keywords": [
                "bootstrapping",
                "configurator",
                "nette"
            ],
            "time": "2019-03-26T12:59:07+00:00"
        },
        {
            "name": "nette/component-model",
            "version": "v3.0.0",
            "source": {
                "type": "git",
                "url": "https://github.com/nette/component-model.git",
                "reference": "3153441f3d64bbdac300e75b8e5dde36590f7e01"
            },
            "dist": {
                "type": "zip",
                "url": "https://api.github.com/repos/nette/component-model/zipball/3153441f3d64bbdac300e75b8e5dde36590f7e01",
                "reference": "3153441f3d64bbdac300e75b8e5dde36590f7e01",
                "shasum": ""
            },
            "require": {
                "nette/utils": "^2.5 || ^3.0",
                "php": ">=7.1"
            },
            "conflict": {
                "nette/application": "<2.4",
                "nette/nette": "<2.2"
            },
            "require-dev": {
                "nette/tester": "^2.0",
                "tracy/tracy": "^2.3"
            },
            "type": "library",
            "extra": {
                "branch-alias": {
                    "dev-master": "3.0-dev"
                }
            },
            "autoload": {
                "classmap": [
                    "src/"
                ]
            },
            "notification-url": "https://packagist.org/downloads/",
            "license": [
                "BSD-3-Clause",
                "GPL-2.0",
                "GPL-3.0"
            ],
            "authors": [
                {
                    "name": "David Grudl",
                    "homepage": "https://davidgrudl.com"
                },
                {
                    "name": "Nette Community",
                    "homepage": "https://nette.org/contributors"
                }
            ],
            "description": "⚛ Nette Component Model",
            "homepage": "https://nette.org",
            "keywords": [
                "components",
                "nette"
            ],
            "time": "2019-02-20T07:13:15+00:00"
        },
        {
            "name": "nette/di",
            "version": "v3.0.0",
            "source": {
                "type": "git",
                "url": "https://github.com/nette/di.git",
                "reference": "19d83539245aaacb59470828919182411061841f"
            },
            "dist": {
                "type": "zip",
                "url": "https://api.github.com/repos/nette/di/zipball/19d83539245aaacb59470828919182411061841f",
                "reference": "19d83539245aaacb59470828919182411061841f",
                "shasum": ""
            },
            "require": {
                "ext-tokenizer": "*",
                "nette/neon": "^3.0",
                "nette/php-generator": "^3.2.2",
                "nette/robot-loader": "^3.2",
                "nette/schema": "^1.0",
                "nette/utils": "^3.0",
                "php": ">=7.1"
            },
            "conflict": {
                "nette/bootstrap": "<3.0"
            },
            "require-dev": {
                "nette/tester": "^2.2",
                "tracy/tracy": "^2.3"
            },
            "type": "library",
            "extra": {
                "branch-alias": {
                    "dev-master": "3.0-dev"
                }
            },
            "autoload": {
                "classmap": [
                    "src/"
                ],
                "files": [
                    "src/compatibility.php"
                ]
            },
            "notification-url": "https://packagist.org/downloads/",
            "license": [
                "BSD-3-Clause",
                "GPL-2.0",
                "GPL-3.0"
            ],
            "authors": [
                {
                    "name": "David Grudl",
                    "homepage": "https://davidgrudl.com"
                },
                {
                    "name": "Nette Community",
                    "homepage": "https://nette.org/contributors"
                }
            ],
            "description": "💎 Nette Dependency Injection Container: Flexible, compiled and full-featured DIC with perfectly usable autowiring and support for all new PHP 7.1 features.",
            "homepage": "https://nette.org",
            "keywords": [
                "compiled",
                "di",
                "dic",
                "factory",
                "ioc",
                "nette",
                "static"
            ],
            "time": "2019-04-03T19:35:46+00:00"
        },
        {
            "name": "nette/finder",
            "version": "v2.5.0",
            "source": {
                "type": "git",
                "url": "https://github.com/nette/finder.git",
                "reference": "6be1b83ea68ac558aff189d640abe242e0306fe2"
            },
            "dist": {
                "type": "zip",
                "url": "https://api.github.com/repos/nette/finder/zipball/6be1b83ea68ac558aff189d640abe242e0306fe2",
                "reference": "6be1b83ea68ac558aff189d640abe242e0306fe2",
                "shasum": ""
            },
            "require": {
                "nette/utils": "^2.4 || ~3.0.0",
                "php": ">=7.1"
            },
            "conflict": {
                "nette/nette": "<2.2"
            },
            "require-dev": {
                "nette/tester": "^2.0",
                "tracy/tracy": "^2.3"
            },
            "type": "library",
            "extra": {
                "branch-alias": {
                    "dev-master": "2.5-dev"
                }
            },
            "autoload": {
                "classmap": [
                    "src/"
                ]
            },
            "notification-url": "https://packagist.org/downloads/",
            "license": [
                "BSD-3-Clause",
                "GPL-2.0",
                "GPL-3.0"
            ],
            "authors": [
                {
                    "name": "David Grudl",
                    "homepage": "https://davidgrudl.com"
                },
                {
                    "name": "Nette Community",
                    "homepage": "https://nette.org/contributors"
                }
            ],
            "description": "? Nette Finder: find files and directories with an intuitive API.",
            "homepage": "https://nette.org",
            "keywords": [
                "filesystem",
                "glob",
                "iterator",
                "nette"
            ],
            "time": "2019-02-28T18:13:25+00:00"
        },
        {
            "name": "nette/forms",
            "version": "v3.0.0",
            "source": {
                "type": "git",
                "url": "https://github.com/nette/forms.git",
                "reference": "52e0d4f2fca8ff2ef44fb9d7f10fed59457dc26e"
            },
            "dist": {
                "type": "zip",
                "url": "https://api.github.com/repos/nette/forms/zipball/52e0d4f2fca8ff2ef44fb9d7f10fed59457dc26e",
                "reference": "52e0d4f2fca8ff2ef44fb9d7f10fed59457dc26e",
                "shasum": ""
            },
            "require": {
                "nette/component-model": "^3.0",
                "nette/http": "^3.0",
                "nette/utils": "^3.0",
                "php": ">=7.1"
            },
            "conflict": {
                "nette/nette": "<2.2"
            },
            "require-dev": {
                "latte/latte": "^2.4.1",
                "nette/di": "^3.0",
                "nette/tester": "^2.0",
                "tracy/tracy": "^2.4"
            },
            "type": "library",
            "extra": {
                "branch-alias": {
                    "dev-master": "3.0-dev"
                }
            },
            "autoload": {
                "classmap": [
                    "src/"
                ]
            },
            "notification-url": "https://packagist.org/downloads/",
            "license": [
                "BSD-3-Clause",
                "GPL-2.0",
                "GPL-3.0"
            ],
            "authors": [
                {
                    "name": "David Grudl",
                    "homepage": "https://davidgrudl.com"
                },
                {
                    "name": "Nette Community",
                    "homepage": "https://nette.org/contributors"
                }
            ],
            "description": "?? Nette Forms: generating, validating and processing secure forms in PHP. Handy API, fully customizable, server & client side validation and mature design.",
            "homepage": "https://nette.org",
            "keywords": [
                "Forms",
                "bootstrap",
                "csrf",
                "javascript",
                "nette",
                "validation"
            ],
            "time": "2019-02-28T17:49:02+00:00"
        },
        {
            "name": "nette/http",
            "version": "v3.0.1",
            "source": {
                "type": "git",
                "url": "https://github.com/nette/http.git",
                "reference": "2fa91a76583c3cb3e7d1a51c501c5653a6a11f8a"
            },
            "dist": {
                "type": "zip",
                "url": "https://api.github.com/repos/nette/http/zipball/2fa91a76583c3cb3e7d1a51c501c5653a6a11f8a",
                "reference": "2fa91a76583c3cb3e7d1a51c501c5653a6a11f8a",
                "shasum": ""
            },
            "require": {
                "nette/utils": "^3.0",
                "php": ">=7.1"
            },
            "conflict": {
                "nette/di": "<3.0"
            },
            "require-dev": {
                "nette/di": "^3.0",
                "nette/tester": "^2.0",
                "tracy/tracy": "^2.4"
            },
            "suggest": {
                "ext-fileinfo": "to detect type of uploaded files",
                "nette/security": "allows use Nette\\Http\\UserStorage"
            },
            "type": "library",
            "extra": {
                "branch-alias": {
                    "dev-master": "3.0-dev"
                }
            },
            "autoload": {
                "classmap": [
                    "src/"
                ]
            },
            "notification-url": "https://packagist.org/downloads/",
            "license": [
                "BSD-3-Clause",
                "GPL-2.0",
                "GPL-3.0"
            ],
            "authors": [
                {
                    "name": "David Grudl",
                    "homepage": "https://davidgrudl.com"
                },
                {
                    "name": "Nette Community",
                    "homepage": "https://nette.org/contributors"
                }
            ],
            "description": "🌐 Nette Http: abstraction for HTTP request, response and session. Provides careful data sanitization and utility for URL and cookies manipulation.",
            "homepage": "https://nette.org",
            "keywords": [
                "cookies",
                "http",
                "nette",
                "proxy",
                "request",
                "response",
                "security",
                "session",
                "url"
            ],
            "time": "2019-04-03T11:57:10+00:00"
        },
        {
            "name": "nette/neon",
            "version": "v3.0.0",
            "source": {
                "type": "git",
                "url": "https://github.com/nette/neon.git",
                "reference": "cbff32059cbdd8720deccf9e9eace6ee516f02eb"
            },
            "dist": {
                "type": "zip",
                "url": "https://api.github.com/repos/nette/neon/zipball/cbff32059cbdd8720deccf9e9eace6ee516f02eb",
                "reference": "cbff32059cbdd8720deccf9e9eace6ee516f02eb",
                "shasum": ""
            },
            "require": {
                "ext-iconv": "*",
                "ext-json": "*",
                "php": ">=7.0"
            },
            "require-dev": {
                "nette/tester": "^2.0",
                "tracy/tracy": "^2.3"
            },
            "type": "library",
            "extra": {
                "branch-alias": {
                    "dev-master": "3.0-dev"
                }
            },
            "autoload": {
                "classmap": [
                    "src/"
                ]
            },
            "notification-url": "https://packagist.org/downloads/",
            "license": [
                "BSD-3-Clause",
                "GPL-2.0",
                "GPL-3.0"
            ],
            "authors": [
                {
                    "name": "David Grudl",
                    "homepage": "https://davidgrudl.com"
                },
                {
                    "name": "Nette Community",
                    "homepage": "https://nette.org/contributors"
                }
            ],
            "description": "? Nette NEON: encodes and decodes NEON file format.",
            "homepage": "http://ne-on.org",
            "keywords": [
                "export",
                "import",
                "neon",
                "nette",
                "yaml"
            ],
            "time": "2019-02-05T21:30:40+00:00"
        },
        {
            "name": "nette/php-generator",
            "version": "v3.2.2",
            "source": {
                "type": "git",
                "url": "https://github.com/nette/php-generator.git",
                "reference": "acff8b136fad84b860a626d133e791f95781f9f5"
            },
            "dist": {
                "type": "zip",
                "url": "https://api.github.com/repos/nette/php-generator/zipball/acff8b136fad84b860a626d133e791f95781f9f5",
                "reference": "acff8b136fad84b860a626d133e791f95781f9f5",
                "shasum": ""
            },
            "require": {
                "nette/utils": "^2.4.2 || ~3.0.0",
                "php": ">=7.1"
            },
            "require-dev": {
                "nette/tester": "^2.0",
                "tracy/tracy": "^2.3"
            },
            "type": "library",
            "extra": {
                "branch-alias": {
                    "dev-master": "3.2-dev"
                }
            },
            "autoload": {
                "classmap": [
                    "src/"
                ]
            },
            "notification-url": "https://packagist.org/downloads/",
            "license": [
                "BSD-3-Clause",
                "GPL-2.0",
                "GPL-3.0"
            ],
            "authors": [
                {
                    "name": "David Grudl",
                    "homepage": "https://davidgrudl.com"
                },
                {
                    "name": "Nette Community",
                    "homepage": "https://nette.org/contributors"
                }
            ],
            "description": "🐘 Nette PHP Generator: generates neat PHP code for you. Supports new PHP 7.3 features.",
            "homepage": "https://nette.org",
            "keywords": [
                "code",
                "nette",
                "php",
                "scaffolding"
            ],
            "time": "2019-03-15T03:41:13+00:00"
        },
        {
            "name": "nette/robot-loader",
            "version": "v3.2.0",
            "source": {
                "type": "git",
                "url": "https://github.com/nette/robot-loader.git",
                "reference": "0712a0e39ae7956d6a94c0ab6ad41aa842544b5c"
            },
            "dist": {
                "type": "zip",
                "url": "https://api.github.com/repos/nette/robot-loader/zipball/0712a0e39ae7956d6a94c0ab6ad41aa842544b5c",
                "reference": "0712a0e39ae7956d6a94c0ab6ad41aa842544b5c",
                "shasum": ""
            },
            "require": {
                "ext-tokenizer": "*",
                "nette/finder": "^2.5",
                "nette/utils": "^3.0",
                "php": ">=7.1"
            },
            "require-dev": {
                "nette/tester": "^2.0",
                "tracy/tracy": "^2.3"
            },
            "type": "library",
            "extra": {
                "branch-alias": {
                    "dev-master": "3.2-dev"
                }
            },
            "autoload": {
                "classmap": [
                    "src/"
                ]
            },
            "notification-url": "https://packagist.org/downloads/",
            "license": [
                "BSD-3-Clause",
                "GPL-2.0",
                "GPL-3.0"
            ],
            "authors": [
                {
                    "name": "David Grudl",
                    "homepage": "https://davidgrudl.com"
                },
                {
                    "name": "Nette Community",
                    "homepage": "https://nette.org/contributors"
                }
            ],
            "description": "? Nette RobotLoader: high performance and comfortable autoloader that will search and autoload classes within your application.",
            "homepage": "https://nette.org",
            "keywords": [
                "autoload",
                "class",
                "interface",
                "nette",
                "trait"
            ],
            "time": "2019-03-08T21:57:24+00:00"
        },
        {
            "name": "nette/routing",
            "version": "v3.0.0",
            "source": {
                "type": "git",
                "url": "https://github.com/nette/routing.git",
                "reference": "603c697f3df7ed214795d4e8e8c58fbf981232b1"
            },
            "dist": {
                "type": "zip",
                "url": "https://api.github.com/repos/nette/routing/zipball/603c697f3df7ed214795d4e8e8c58fbf981232b1",
                "reference": "603c697f3df7ed214795d4e8e8c58fbf981232b1",
                "shasum": ""
            },
            "require": {
                "nette/http": "^3.0",
                "nette/utils": "^3.0",
                "php": ">=7.1"
            },
            "require-dev": {
                "nette/tester": "^2.0",
                "tracy/tracy": "^2.3"
            },
            "type": "library",
            "extra": {
                "branch-alias": {
                    "dev-master": "3.0-dev"
                }
            },
            "autoload": {
                "classmap": [
                    "src/"
                ]
            },
            "notification-url": "https://packagist.org/downloads/",
            "license": [
                "BSD-3-Clause",
                "GPL-2.0",
                "GPL-3.0"
            ],
            "authors": [
                {
                    "name": "David Grudl",
                    "homepage": "https://davidgrudl.com"
                },
                {
                    "name": "Nette Community",
                    "homepage": "https://nette.org/contributors"
                }
            ],
            "description": "Nette Routing: two-ways URL conversion",
            "homepage": "https://nette.org",
            "keywords": [
                "nette"
            ],
            "time": "2019-02-13T15:57:18+00:00"
        },
        {
            "name": "nette/schema",
            "version": "v1.0.0",
            "source": {
                "type": "git",
                "url": "https://github.com/nette/schema.git",
                "reference": "6241d8d4da39e825dd6cb5bfbe4242912f4d7e4d"
            },
            "dist": {
                "type": "zip",
                "url": "https://api.github.com/repos/nette/schema/zipball/6241d8d4da39e825dd6cb5bfbe4242912f4d7e4d",
                "reference": "6241d8d4da39e825dd6cb5bfbe4242912f4d7e4d",
                "shasum": ""
            },
            "require": {
                "nette/utils": "^3.0.1",
                "php": ">=7.1"
            },
            "require-dev": {
                "nette/tester": "^2.2",
                "tracy/tracy": "^2.3"
            },
            "type": "library",
            "extra": {
                "branch-alias": {
                    "dev-master": "1.0-dev"
                }
            },
            "autoload": {
                "classmap": [
                    "src/"
                ]
            },
            "notification-url": "https://packagist.org/downloads/",
            "license": [
                "BSD-3-Clause",
                "GPL-2.0",
                "GPL-3.0"
            ],
            "authors": [
                {
                    "name": "David Grudl",
                    "homepage": "https://davidgrudl.com"
                },
                {
                    "name": "Nette Community",
                    "homepage": "https://nette.org/contributors"
                }
            ],
            "description": "📐 Nette Schema: validating data structures against a given Schema.",
            "homepage": "https://nette.org",
            "keywords": [
                "config",
                "nette"
            ],
            "time": "2019-04-03T15:53:25+00:00"
        },
        {
            "name": "nette/utils",
            "version": "v3.0.1",
            "source": {
                "type": "git",
                "url": "https://github.com/nette/utils.git",
                "reference": "bd961f49b211997202bda1d0fbc410905be370d4"
            },
            "dist": {
                "type": "zip",
                "url": "https://api.github.com/repos/nette/utils/zipball/bd961f49b211997202bda1d0fbc410905be370d4",
                "reference": "bd961f49b211997202bda1d0fbc410905be370d4",
                "shasum": ""
            },
            "require": {
                "php": ">=7.1"
            },
            "require-dev": {
                "nette/tester": "~2.0",
                "tracy/tracy": "^2.3"
            },
            "suggest": {
                "ext-gd": "to use Image",
                "ext-iconv": "to use Strings::webalize() and toAscii()",
                "ext-intl": "to use Strings::webalize(), toAscii(), normalize() and compare()",
                "ext-json": "to use Nette\\Utils\\Json",
                "ext-mbstring": "to use Strings::lower() etc...",
                "ext-xml": "to use Strings::length() etc. when mbstring is not available"
            },
            "type": "library",
            "extra": {
                "branch-alias": {
                    "dev-master": "3.0-dev"
                }
            },
            "autoload": {
                "classmap": [
                    "src/"
                ]
            },
            "notification-url": "https://packagist.org/downloads/",
            "license": [
                "BSD-3-Clause",
                "GPL-2.0",
                "GPL-3.0"
            ],
            "authors": [
                {
                    "name": "David Grudl",
                    "homepage": "https://davidgrudl.com"
                },
                {
                    "name": "Nette Community",
                    "homepage": "https://nette.org/contributors"
                }
            ],
            "description": "🛠 Nette Utils: lightweight utilities for string & array manipulation, image handling, safe JSON encoding/decoding, validation, slug or strong password generating etc.",
            "homepage": "https://nette.org",
            "keywords": [
                "array",
                "core",
                "datetime",
                "images",
                "json",
                "nette",
                "paginator",
                "password",
                "slugify",
                "string",
                "unicode",
                "utf-8",
                "utility",
                "validation"
            ],
            "time": "2019-03-22T01:00:30+00:00"
        },
        {
            "name": "oops/webpack-nette-adapter",
            "version": "1.1.0",
            "source": {
                "type": "git",
                "url": "https://github.com/o2ps/WebpackNetteAdapter.git",
                "reference": "31750ab793534661a9b304df2acc2d3d84e78a57"
            },
            "dist": {
                "type": "zip",
                "url": "https://api.github.com/repos/o2ps/WebpackNetteAdapter/zipball/31750ab793534661a9b304df2acc2d3d84e78a57",
                "reference": "31750ab793534661a9b304df2acc2d3d84e78a57",
                "shasum": ""
            },
            "require": {
                "guzzlehttp/guzzle": "^6.3",
                "nette/di": "^2.4.10 || ^3.0",
                "php": "^7.1"
            },
            "require-dev": {
                "latte/latte": "^2.4 || ^3.0",
                "mockery/mockery": "^1.0",
                "nette/application": "^2.4 || ^3.0",
                "nette/bootstrap": "^2.4 || ^3.0",
                "nette/tester": "^2.0",
                "tracy/tracy": "^2.4 || ^3.0"
            },
            "suggest": {
                "latte/latte": "to enable Latte integration via {webpack} macro",
                "tracy/tracy": "to enable asset debugging in the debug bar panel"
            },
            "type": "library",
            "autoload": {
                "psr-4": {
                    "Oops\\WebpackNetteAdapter\\": "src/"
                }
            },
            "notification-url": "https://packagist.org/downloads/",
            "license": [
                "BSD-3-Clause"
            ],
            "authors": [
                {
                    "name": "Jiří Pudil",
                    "email": "me@jiripudil.cz",
                    "homepage": "https://jiripudil.cz"
                }
            ],
            "description": "Webpack adapter for Nette Framework.",
            "keywords": [
                "nette",
                "webpack"
            ],
            "time": "2019-03-07T13:11:27+00:00"
        },
        {
            "name": "psr/http-message",
            "version": "1.0.1",
            "source": {
                "type": "git",
                "url": "https://github.com/php-fig/http-message.git",
                "reference": "f6561bf28d520154e4b0ec72be95418abe6d9363"
            },
            "dist": {
                "type": "zip",
                "url": "https://api.github.com/repos/php-fig/http-message/zipball/f6561bf28d520154e4b0ec72be95418abe6d9363",
                "reference": "f6561bf28d520154e4b0ec72be95418abe6d9363",
                "shasum": ""
            },
            "require": {
                "php": ">=5.3.0"
            },
            "type": "library",
            "extra": {
                "branch-alias": {
                    "dev-master": "1.0.x-dev"
                }
            },
            "autoload": {
                "psr-4": {
                    "Psr\\Http\\Message\\": "src/"
                }
            },
            "notification-url": "https://packagist.org/downloads/",
            "license": [
                "MIT"
            ],
            "authors": [
                {
                    "name": "PHP-FIG",
                    "homepage": "http://www.php-fig.org/"
                }
            ],
            "description": "Common interface for HTTP messages",
            "homepage": "https://github.com/php-fig/http-message",
            "keywords": [
                "http",
                "http-message",
                "psr",
                "psr-7",
                "request",
                "response"
            ],
            "time": "2016-08-06T14:39:51+00:00"
        },
        {
            "name": "ralouphie/getallheaders",
            "version": "2.0.5",
            "source": {
                "type": "git",
                "url": "https://github.com/ralouphie/getallheaders.git",
                "reference": "5601c8a83fbba7ef674a7369456d12f1e0d0eafa"
            },
            "dist": {
                "type": "zip",
                "url": "https://api.github.com/repos/ralouphie/getallheaders/zipball/5601c8a83fbba7ef674a7369456d12f1e0d0eafa",
                "reference": "5601c8a83fbba7ef674a7369456d12f1e0d0eafa",
                "shasum": ""
            },
            "require": {
                "php": ">=5.3"
            },
            "require-dev": {
                "phpunit/phpunit": "~3.7.0",
                "satooshi/php-coveralls": ">=1.0"
            },
            "type": "library",
            "autoload": {
                "files": [
                    "src/getallheaders.php"
                ]
            },
            "notification-url": "https://packagist.org/downloads/",
            "license": [
                "MIT"
            ],
            "authors": [
                {
                    "name": "Ralph Khattar",
                    "email": "ralph.khattar@gmail.com"
                }
            ],
            "description": "A polyfill for getallheaders.",
            "time": "2016-02-11T07:05:27+00:00"
        },
        {
            "name": "tracy/tracy",
            "version": "v2.6.2",
            "source": {
                "type": "git",
                "url": "https://github.com/nette/tracy.git",
                "reference": "9a6513089a836744e70af0910ad45f50e603dcf5"
            },
            "dist": {
                "type": "zip",
                "url": "https://api.github.com/repos/nette/tracy/zipball/9a6513089a836744e70af0910ad45f50e603dcf5",
                "reference": "9a6513089a836744e70af0910ad45f50e603dcf5",
                "shasum": ""
            },
            "require": {
                "ext-json": "*",
                "ext-session": "*",
                "php": ">=7.1"
            },
            "require-dev": {
                "nette/di": "^2.4 || ~3.0.0",
                "nette/tester": "^2.2",
                "nette/utils": "^2.4 || ^3.0",
                "psr/log": "^1.0"
            },
            "suggest": {
                "https://nette.org/donate": "Please support Tracy via a donation"
            },
            "type": "library",
            "extra": {
                "branch-alias": {
                    "dev-master": "2.6-dev"
                }
            },
            "autoload": {
                "classmap": [
                    "src"
                ],
                "files": [
                    "src/Tracy/shortcuts.php"
                ]
            },
            "notification-url": "https://packagist.org/downloads/",
            "license": [
                "BSD-3-Clause"
            ],
            "authors": [
                {
                    "name": "David Grudl",
                    "homepage": "https://davidgrudl.com"
                },
                {
                    "name": "Nette Community",
                    "homepage": "https://nette.org/contributors"
                }
            ],
            "description": "😎 Tracy: the addictive tool to ease debugging PHP code for cool developers. Friendly design, logging, profiler, advanced features like debugging AJAX calls or CLI support. You will love it.",
            "homepage": "https://tracy.nette.org",
            "keywords": [
                "Xdebug",
                "debug",
                "debugger",
                "nette",
                "profiler"
            ],
            "time": "2019-04-03T20:29:00+00:00"
        }
    ],
    "packages-dev": [],
    "aliases": [],
    "minimum-stability": "stable",
    "stability-flags": [],
    "prefer-stable": false,
    "prefer-lowest": false,
    "platform": {
        "php": "^7.2"
    },
    "platform-dev": []
}
